{
  "version": 4,
  "terraform_version": "1.7.4",
  "serial": 1,
  "lineage": "9e6bc3f4-168d-fb1c-4989-c625ff1319bf",
  "outputs": {},
  "resources": [
    {
      "mode": "managed",
      "type": "aws_ecr_repository",
      "name": "controladorpedidos-app",
      "provider": "provider[\"registry.terraform.io/hashicorp/aws\"]",
      "instances": [
        {
          "schema_version": 0,
          "attributes": {
            "arn": "arn:aws:ecr:us-east-1:533267269751:repository/controladorpedidos-app",
            "encryption_configuration": [
              {
                "encryption_type": "AES256",
                "kms_key": ""
              }
            ],
            "force_delete": null,
            "id": "controladorpedidos-app",
            "image_scanning_configuration": [
              {
                "scan_on_push": false
              }
            ],
            "image_tag_mutability": "MUTABLE",
            "name": "controladorpedidos-app",
            "registry_id": "533267269751",
            "repository_url": "533267269751.dkr.ecr.us-east-1.amazonaws.com/controladorpedidos-app",
            "tags": {
              "techchallenge": ""
            },
            "tags_all": {
              "techchallenge": ""
            },
            "timeouts": null
          },
          "sensitive_attributes": [],
          "private": "eyJlMmJmYjczMC1lY2FhLTExZTYtOGY4OC0zNDM2M2JjN2M0YzAiOnsiZGVsZXRlIjoxMjAwMDAwMDAwMDAwfSwic2NoZW1hX3ZlcnNpb24iOiIwIn0="
        }
      ]
    }
  ],
  "check_results": null
}
